
Microsoft Visual Studio Solution File, Format Version 12.00
# Visual Studio Version 17
VisualStudioVersion = 17.4.33205.214
MinimumVisualStudioVersion = 10.0.40219.1
Project("{FAE04EC0-301F-11D3-BF4B-00C04F79EFBC}") = "CALCULATOR APP", "CALCULATOR APP.csproj", "{09F952B7-C101-444F-8584-78F2E414CFCB}"
EndProject
Global
	GlobalSection(SolutionConfigurationPlatforms) = preSolution
		Debug|Any CPU = Debug|Any CPU
		Release|Any CPU = Release|Any CPU
	EndGlobalSection
	GlobalSection(ProjectConfigurationPlatforms) = postSolution
		{09F952B7-C101-444F-8584-78F2E414CFCB}.Debug|Any CPU.ActiveCfg = Debug|Any CPU
		{09F952B7-C101-444F-8584-78F2E414CFCB}.Debug|Any CPU.Build.0 = Debug|Any CPU
		{09F952B7-C101-444F-8584-78F2E414CFCB}.Release|Any CPU.ActiveCfg = Release|Any CPU
		{09F952B7-C101-444F-8584-78F2E414CFCB}.Release|Any CPU.Build.0 = Release|Any CPU
	EndGlobalSection
	GlobalSection(SolutionProperties) = preSolution
		HideSolutionNode = FALSE
	EndGlobalSection
	GlobalSection(ExtensibilityGlobals) = postSolution
		SolutionGuid = {576157F5-4997-4A61-8A31-8F6C74C725D7}
	EndGlobalSection
EndGlobal
